// !$*UTF8*$!
{
	archiveVersion = 1;
	classes = {
	};
	objectVersion = 50;
	objects = {

/* Begin PBXBuildFile section */
		FB85085925E5FC6C00F126A8 /* AppDelegate.m in Sources */ = {isa = PBXBuildFile; fileRef = FB85085825E5FC6C00F126A8 /* AppDelegate.m */; };
		FB85085C25E5FC6C00F126A8 /* SceneDelegate.m in Sources */ = {isa = PBXBuildFile; fileRef = FB85085B25E5FC6C00F126A8 /* SceneDelegate.m */; };
		FB85085F25E5FC6C00F126A8 /* ViewController.m in Sources */ = {isa = PBXBuildFile; fileRef = FB85085E25E5FC6C00F126A8 /* ViewController.m */; };
		FB85086225E5FC6C00F126A8 /* Main.storyboard in Resources */ = {isa = PBXBuildFile; fileRef = FB85086025E5FC6C00F126A8 /* Main.storyboard */; };
		FB85086425E5FC6F00F126A8 /* Assets.xcassets in Resources */ = {isa = PBXBuildFile; fileRef = FB85086325E5FC6F00F126A8 /* Assets.xcassets */; };
		FB85086725E5FC6F00F126A8 /* LaunchScreen.storyboard in Resources */ = {isa = PBXBuildFile; fileRef = FB85086525E5FC6F00F126A8 /* LaunchScreen.storyboard */; };
		FB85086A25E5FC6F00F126A8 /* main.m in Sources */ = {isa = PBXBuildFile; fileRef = FB85086925E5FC6F00F126A8 /* main.m */; };
		FB85087425E5FC6F00F126A8 /* _3DelegateDemo1Tests.m in Sources */ = {isa = PBXBuildFile; fileRef = FB85087325E5FC6F00F126A8 /* _3DelegateDemo1Tests.m */; };
		FB85087F25E5FC6F00F126A8 /* _3DelegateDemo1UITests.m in Sources */ = {isa = PBXBuildFile; fileRef = FB85087E25E5FC6F00F126A8 /* _3DelegateDemo1UITests.m */; };
/* End PBXBuildFile section */

/* Begin PBXContainerItemProxy section */
		FB85087025E5FC6F00F126A8 /* PBXContainerItemProxy */ = {
			isa = PBXContainerItemProxy;
			containerPortal = FB85084C25E5FC6C00F126A8 /* Project object */;
			proxyType = 1;
			remoteGlobalIDString = FB85085325E5FC6C00F126A8;
			remoteInfo = 03DelegateDemo1;
		};
		FB85087B25E5FC6F00F126A8 /* PBXContainerItemProxy */ = {
			isa = PBXContainerItemProxy;
			containerPortal = FB85084C25E5FC6C00F126A8 /* Project object */;
			proxyType = 1;
			remoteGlobalIDString = FB85085325E5FC6C00F126A8;
			remoteInfo = 03DelegateDemo1;
		};
/* End PBXContainerItemProxy section */

/* Begin PBXFileReference section */
		FB85085425E5FC6C00F126A8 /* 03DelegateDemo1.app */ = {isa = PBXFileReference; explicitFileType = wrapper.application; includeInIndex = 0; path = 03DelegateDemo1.app; sourceTree = BUILT_PRODUCTS_DIR; };
		FB85085725E5FC6C00F126A8 /* AppDelegate.h */ = {isa = PBXFileReference; lastKnownFileType = sourcecode.c.h; path = AppDelegate.h; sourceTree = "<group>"; };
		FB85085825E5FC6C00F126A8 /* AppDelegate.m */ = {isa = PBXFileReference; lastKnownFileType = sourcecode.c.objc; path = AppDelegate.m; sourceTree = "<group>"; };
		FB85085A25E5FC6C00F126A8 /* SceneDelegate.h */ = {isa = PBXFileReference; lastKnownFileType = sourcecode.c.h; path = SceneDelegate.h; sourceTree = "<group>"; };
		FB85085B25E5FC6C00F126A8 /* SceneDelegate.m */ = {isa = PBXFileReference; lastKnownFileType = sourcecode.c.objc; path = SceneDelegate.m; sourceTree = "<group>"; };
		FB85085D25E5FC6C00F126A8 /* ViewController.h */ = {isa = PBXFileReference; lastKnownFileType = sourcecode.c.h; path = ViewController.h; sourceTree = "<group>"; };
		FB85085E25E5FC6C00F126A8 /* ViewController.m */ = {isa = PBXFileReference; lastKnownFileType = sourcecode.c.objc; path = ViewController.m; sourceTree = "<group>"; };
		FB85086125E5FC6C00F126A8 /* Base */ = {isa = PBXFileReference; lastKnownFileType = file.storyboard; name = Base; path = Base.lproj/Main.storyboard; sourceTree = "<group>"; };
		FB85086325E5FC6F00F126A8 /* Assets.xcassets */ = {isa = PBXFileReference; lastKnownFileType = folder.assetcatalog; path = Assets.xcassets; sourceTree = "<group>"; };
		FB85086625E5FC6F00F126A8 /* Base */ = {isa = PBXFileReference; lastKnownFileType = file.storyboard; name = Base; path = Base.lproj/LaunchScreen.storyboard; sourceTree = "<group>"; };
		FB85086825E5FC6F00F126A8 /* Info.plist */ = {isa = PBXFileReference; lastKnownFileType = text.plist.xml; path = Info.plist; sourceTree = "<group>"; };
		FB85086925E5FC6F00F126A8 /* main.m */ = {isa = PBXFileReference; lastKnownFileType = sourcecode.c.objc; path = main.m; sourceTree = "<group>"; };
		FB85086F25E5FC6F00F126A8 /* 03DelegateDemo1Tests.xctest */ = {isa = PBXFileReference; explicitFileType = wrapper.cfbundle; includeInIndex = 0; path = 03DelegateDemo1Tests.xctest; sourceTree = BUILT_PRODUCTS_DIR; };
		FB85087325E5FC6F00F126A8 /* _3DelegateDemo1Tests.m */ = {isa = PBXFileReference; lastKnownFileType = sourcecode.c.objc; path = _3DelegateDemo1Tests.m; sourceTree = "<group>"; };
		FB85087525E5FC6F00F126A8 /* Info.plist */ = {isa = PBXFileReference; lastKnownFileType = text.plist.xml; path = Info.plist; sourceTree = "<group>"; };
		FB85087A25E5FC6F00F126A8 /* 03DelegateDemo1UITests.xctest */ = {isa = PBXFileReference; explicitFileType = wrapper.cfbundle; includeInIndex = 0; path = 03DelegateDemo1UITests.xctest; sourceTree = BUILT_PRODUCTS_DIR; };
		FB85087E25E5FC6F00F126A8 /* _3DelegateDemo1UITests.m */ = {isa = PBXFileReference; lastKnownFileType = sourcecode.c.objc; path = _3DelegateDemo1UITests.m; sourceTree = "<group>"; };
		FB85088025E5FC6F00F126A8 /* Info.plist */ = {isa = PBXFileReference; lastKnownFileType = text.plist.xml; path = Info.plist; sourceTree = "<group>"; };
/* End PBXFileReference section */

/* Begin PBXFrameworksBuildPhase section */
		FB85085125E5FC6C00F126A8 /* Frameworks */ = {
			isa = PBXFrameworksBuildPhase;
			buildActionMask = 2147483647;
			files = (
			);
			runOnlyForDeploymentPostprocessing = 0;
		};
		FB85086C25E5FC6F00F126A8 /* Frameworks */ = {
			isa = PBXFrameworksBuildPhase;
			buildActionMask = 2147483647;
			files = (
			);
			runOnlyForDeploymentPostprocessing = 0;
		};
		FB85087725E5FC6F00F126A8 /* Frameworks */ = {
			isa = PBXFrameworksBuildPhase;
			buildActionMask = 2147483647;
			files = (
			);
			runOnlyForDeploymentPostprocessing = 0;
		};
/* End PBXFrameworksBuildPhase section */

/* Begin PBXGroup section */
		FB85084B25E5FC6C00F126A8 = {
			isa = PBXGroup;
			children = (
				FB85085625E5FC6C00F126A8 /* 03DelegateDemo1 */,
				FB85087225E5FC6F00F126A8 /* 03DelegateDemo1Tests */,
				FB85087D25E5FC6F00F126A8 /* 03DelegateDemo1UITests */,
				FB85085525E5FC6C00F126A8 /* Products */,
			);
			sourceTree = "<group>";
		};
		FB85085525E5FC6C00F126A8 /* Products */ = {
			isa = PBXGroup;
			children = (
				FB85085425E5FC6C00F126A8 /* 03DelegateDemo1.app */,
				FB85086F25E5FC6F00F126A8 /* 03DelegateDemo1Tests.xctest */,
				FB85087A25E5FC6F00F126A8 /* 03DelegateDemo1UITests.xctest */,
			);
			name = Products;
			sourceTree = "<group>";
		};
		FB85085625E5FC6C00F126A8 /* 03DelegateDemo1 */ = {
			isa = PBXGroup;
			children = (
				FB85085725E5FC6C00F126A8 /* AppDelegate.h */,
				FB85085825E5FC6C00F126A8 /* AppDelegate.m */,
				FB85085A25E5FC6C00F126A8 /* SceneDelegate.h */,
				FB85085B25E5FC6C00F126A8 /* SceneDelegate.m */,
				FB85085D25E5FC6C00F126A8 /* ViewController.h */,
				FB85085E25E5FC6C00F126A8 /* ViewController.m */,
				FB85086025E5FC6C00F126A8 /* Main.storyboard */,
				FB85086325E5FC6F00F126A8 /* Assets.xcassets */,
				FB85086525E5FC6F00F126A8 /* LaunchScreen.storyboard */,
				FB85086825E5FC6F00F126A8 /* Info.plist */,
				FB85086925E5FC6F00F126A8 /* main.m */,
			);
			path = 03DelegateDemo1;
			sourceTree = "<group>";
		};
		FB85087225E5FC6F00F126A8 /* 03DelegateDemo1Tests */ = {
			isa = PBXGroup;
			children = (
				FB85087325E5FC6F00F126A8 /* _3DelegateDemo1Tests.m */,
				FB85087525E5FC6F00F126A8 /* Info.plist */,
			);
			path = 03DelegateDemo1Tests;
			sourceTree = "<group>";
		};
		FB85087D25E5FC6F00F126A8 /* 03DelegateDemo1UITests */ = {
			isa = PBXGroup;
			children = (
				FB85087E25E5FC6F00F126A8 /* _3DelegateDemo1UITests.m */,
				FB85088025E5FC6F00F126A8 /* Info.plist */,
			);
			path = 03DelegateDemo1UITests;
			sourceTree = "<group>";
		};
/* End PBXGroup section */

/* Begin PBXNativeTarget section */
		FB85085325E5FC6C00F126A8 /* 03DelegateDemo1 */ = {
			isa = PBXNativeTarget;
			buildConfigurationList = FB85088325E5FC6F00F126A8 /* Build configuration list for PBXNativeTarget "03DelegateDemo1" */;
			buildPhases = (
				FB85085025E5FC6C00F126A8 /* Sources */,
				FB85085125E5FC6C00F126A8 /* Frameworks */,
				FB85085225E5FC6C00F126A8 /* Resources */,
			);
			buildRules = (
			);
			dependencies = (
			);
			name = 03DelegateDemo1;
			productName = 03DelegateDemo1;
			productReference = FB85085425E5FC6C00F126A8 /* 03DelegateDemo1.app */;
			productType = "com.apple.product-type.application";
		};
		FB85086E25E5FC6F00F126A8 /* 03DelegateDemo1Tests */ = {
			isa = PBXNativeTarget;
			buildConfigurationList = FB85088625E5FC6F00F126A8 /* Build configuration list for PBXNativeTarget "03DelegateDemo1Tests" */;
			buildPhases = (
				FB85086B25E5FC6F00F126A8 /* Sources */,
				FB85086C25E5FC6F00F126A8 /* Frameworks */,
				FB85086D25E5FC6F00F126A8 /* Resources */,
			);
			buildRules = (
			);
			dependencies = (
				FB85087125E5FC6F00F126A8 /* PBXTargetDependency */,
			);
			name = 03DelegateDemo1Tests;
			productName = 03DelegateDemo1Tests;
			productReference = FB85086F25E5FC6F00F126A8 /* 03DelegateDemo1Tests.xctest */;
			productType = "com.apple.product-type.bundle.unit-test";
		};
		FB85087925E5FC6F00F126A8 /* 03DelegateDemo1UITests */ = {
			isa = PBXNativeTarget;
			buildConfigurationList = FB85088925E5FC6F00F126A8 /* Build configuration list for PBXNativeTarget "03DelegateDemo1UITests" */;
			buildPhases = (
				FB85087625E5FC6F00F126A8 /* Sources */,
				FB85087725E5FC6F00F126A8 /* Frameworks */,
				FB85087825E5FC6F00F126A8 /* Resources */,
			);
			buildRules = (
			);
			dependencies = (
				FB85087C25E5FC6F00F126A8 /* PBXTargetDependency */,
			);
			name = 03DelegateDemo1UITests;
			productName = 03DelegateDemo1UITests;
			productReference = FB85087A25E5FC6F00F126A8 /* 03DelegateDemo1UITests.xctest */;
			productType = "com.apple.product-type.bundle.ui-testing";
		};
/* End PBXNativeTarget section */

/* Begin PBXProject section */
		FB85084C25E5FC6C00F126A8 /* Project object */ = {
			isa = PBXProject;
			attributes = {
				LastUpgradeCheck = 1240;
				TargetAttributes = {
					FB85085325E5FC6C00F126A8 = {
						CreatedOnToolsVersion = 12.4;
					};
					FB85086E25E5FC6F00F126A8 = {
						CreatedOnToolsVersion = 12.4;
						TestTargetID = FB85085325E5FC6C00F126A8;
					};
					FB85087925E5FC6F00F126A8 = {
						CreatedOnToolsVersion = 12.4;
						TestTargetID = FB85085325E5FC6C00F126A8;
					};
				};
			};
			buildConfigurationList = FB85084F25E5FC6C00F126A8 /* Build configuration list for PBXProject "03DelegateDemo1" */;
			compatibilityVersion = "Xcode 9.3";
			developmentRegion = en;
			hasScannedForEncodings = 0;
			knownRegions = (
				en,
				Base,
			);
			mainGroup = FB85084B25E5FC6C00F126A8;
			productRefGroup = FB85085525E5FC6C00F126A8 /* Products */;
			projectDirPath = "";
			projectRoot = "";
			targets = (
				FB85085325E5FC6C00F126A8 /* 03DelegateDemo1 */,
				FB85086E25E5FC6F00F126A8 /* 03DelegateDemo1Tests */,
				FB85087925E5FC6F00F126A8 /* 03DelegateDemo1UITests */,
			);
		};
/* End PBXProject section */

/* Begin PBXResourcesBuildPhase section */
		FB85085225E5FC6C00F126A8 /* Resources */ = {
			isa = PBXResourcesBuildPhase;
			buildActionMask = 2147483647;
			files = (
				FB85086725E5FC6F00F126A8 /* LaunchScreen.storyboard in Resources */,
				FB85086425E5FC6F00F126A8 /* Assets.xcassets in Resources */,
				FB85086225E5FC6C00F126A8 /* Main.storyboard in Resources */,
			);
			runOnlyForDeploymentPostprocessing = 0;
		};
		FB85086D25E5FC6F00F126A8 /* Resources */ = {
			isa = PBXResourcesBuildPhase;
			buildActionMask = 2147483647;
			files = (
			);
			runOnlyForDeploymentPostprocessing = 0;
		};
		FB85087825E5FC6F00F126A8 /* Resources */ = {
			isa = PBXResourcesBuildPhase;
			buildActionMask = 2147483647;
			files = (
			);
			runOnlyForDeploymentPostprocessing = 0;
		};
/* End PBXResourcesBuildPhase section */

/* Begin PBXSourcesBuildPhase section */
		FB85085025E5FC6C00F126A8 /* Sources */ = {
			isa = PBXSourcesBuildPhase;
			buildActionMask = 2147483647;
			files = (
				FB85085F25E5FC6C00F126A8 /* ViewController.m in Sources */,
				FB85085925E5FC6C00F126A8 /* AppDelegate.m in Sources */,
				FB85086A25E5FC6F00F126A8 /* main.m in Sources */,
				FB85085C25E5FC6C00F126A8 /* SceneDelegate.m in Sources */,
			);
			runOnlyForDeploymentPostprocessing = 0;
		};
		FB85086B25E5FC6F00F126A8 /* Sources */ = {
			isa = PBXSourcesBuildPhase;
			buildActionMask = 2147483647;
			files = (
				FB85087425E5FC6F00F126A8 /* _3DelegateDemo1Tests.m in Sources */,
			);
			runOnlyForDeploymentPostprocessing = 0;
		};
		FB85087625E5FC6F00F126A8 /* Sources */ = {
			isa = PBXSourcesBuildPhase;
			buildActionMask = 2147483647;
			files = (
				FB85087F25E5FC6F00F126A8 /* _3DelegateDemo1UITests.m in Sources */,
			);
			runOnlyForDeploymentPostprocessing = 0;
		};
/* End PBXSourcesBuildPhase section */

/* Begin PBXTargetDependency section */
		FB85087125E5FC6F00F126A8 /* PBXTargetDependency */ = {
			isa = PBXTargetDependency;
			target = FB85085325E5FC6C00F126A8 /* 03DelegateDemo1 */;
			targetProxy = FB85087025E5FC6F00F126A8 /* PBXContainerItemProxy */;
		};
		FB85087C25E5FC6F00F126A8 /* PBXTargetDependency */ = {
			isa = PBXTargetDependency;
			target = FB85085325E5FC6C00F126A8 /* 03DelegateDemo1 */;
			targetProxy = FB85087B25E5FC6F00F126A8 /* PBXContainerItemProxy */;
		};
/* End PBXTargetDependency section */

/* Begin PBXVariantGroup section */
		FB85086025E5FC6C00F126A8 /* Main.storyboard */ = {
			isa = PBXVariantGroup;
			children = (
				FB85086125E5FC6C00F126A8 /* Base */,
			);
			name = Main.storyboard;
			sourceTree = "<group>";
		};
		FB85086525E5FC6F00F126A8 /* LaunchScreen.storyboard */ = {
			isa = PBXVariantGroup;
			children = (
				FB85086625E5FC6F00F126A8 /* Base */,
			);
			name = LaunchScreen.storyboard;
			sourceTree = "<group>";
		};
/* End PBXVariantGroup section */

/* Begin XCBuildConfiguration section */
		FB85088125E5FC6F00F126A8 /* Debug */ = {
			isa = XCBuildConfiguration;
			buildSettings = {
				ALWAYS_SEARCH_USER_PATHS = NO;
				CLANG_ANALYZER_NONNULL = YES;
				CLANG_ANALYZER_NUMBER_OBJECT_CONVERSION = YES_AGGRESSIVE;
				CLANG_CXX_LANGUAGE_STANDARD = "gnu++14";
				CLANG_CXX_LIBRARY = "libc++";
				CLANG_ENABLE_MODULES = YES;
				CLANG_ENABLE_OBJC_ARC = YES;
				CLANG_ENABLE_OBJC_WEAK = YES;
				CLANG_WARN_BLOCK_CAPTURE_AUTORELEASING = YES;
				CLANG_WARN_BOOL_CONVERSION = YES;
				CLANG_WARN_COMMA = YES;
				CLANG_WARN_CONSTANT_CONVERSION = YES;
				CLANG_WARN_DEPRECATED_OBJC_IMPLEMENTATIONS = YES;
				CLANG_WARN_DIRECT_OBJC_ISA_USAGE = YES_ERROR;
				CLANG_WARN_DOCUMENTATION_COMMENTS = YES;
				CLANG_WARN_EMPTY_BODY = YES;
				CLANG_WARN_ENUM_CONVERSION = YES;
				CLANG_WARN_INFINITE_RECURSION = YES;
				CLANG_WARN_INT_CONVERSION = YES;
				CLANG_WARN_NON_LITERAL_NULL_CONVERSION = YES;
				CLANG_WARN_OBJC_IMPLICIT_RETAIN_SELF = YES;
				CLANG_WARN_OBJC_LITERAL_CONVERSION = YES;
				CLANG_WARN_OBJC_ROOT_CLASS = YES_ERROR;
				CLANG_WARN_QUOTED_INCLUDE_IN_FRAMEWORK_HEADER = YES;
				CLANG_WARN_RANGE_LOOP_ANALYSIS = YES;
				CLANG_WARN_STRICT_PROTOTYPES = YES;
				CLANG_WARN_SUSPICIOUS_MOVE = YES;
				CLANG_WARN_UNGUARDED_AVAILABILITY = YES_AGGRESSIVE;
				CLANG_WARN_UNREACHABLE_CODE = YES;
				CLANG_WARN__DUPLICATE_METHOD_MATCH = YES;
				COPY_PHASE_STRIP = NO;
				DEBUG_INFORMATION_FORMAT = dwarf;
				ENABLE_STRICT_OBJC_MSGSEND = YES;
				ENABLE_TESTABILITY = YES;
				GCC_C_LANGUAGE_STANDARD = gnu11;
				GCC_DYNAMIC_NO_PIC = NO;
				GCC_NO_COMMON_BLOCKS = YES;
				GCC_OPTIMIZATION_LEVEL = 0;
				GCC_PREPROCESSOR_DEFINITIONS = (
					"DEBUG=1",
					"$(inherited)",
				);
				GCC_WARN_64_TO_32_BIT_CONVERSION = YES;
				GCC_WARN_ABOUT_RETURN_TYPE = YES_ERROR;
				GCC_WARN_UNDECLARED_SELECTOR = YES;
				GCC_WARN_UNINITIALIZED_AUTOS = YES_AGGRESSIVE;
				GCC_WARN_UNUSED_FUNCTION = YES;
				GCC_WARN_UNUSED_VARIABLE = YES;
				IPHONEOS_DEPLOYMENT_TARGET = 14.4;
				MTL_ENABLE_DEBUG_INFO = INCLUDE_SOURCE;
				MTL_FAST_MATH = YES;
				ONLY_ACTIVE_ARCH = YES;
				SDKROOT = iphoneos;
			};
			name = Debug;
		};
		FB85088225E5FC6F00F126A8 /* Release */ = {
			isa = XCBuildConfiguration;
			buildSettings = {
				ALWAYS_SEARCH_USER_PATHS = NO;
				CLANG_ANALYZER_NONNULL = YES;
				CLANG_ANALYZER_NUMBER_OBJECT_CONVERSION = YES_AGGRESSIVE;
				CLANG_CXX_LANGUAGE_STANDARD = "gnu++14";
				CLANG_CXX_LIBRARY = "libc++";
				CLANG_ENABLE_MODULES = YES;
				CLANG_ENABLE_OBJC_ARC = YES;
				CLANG_ENABLE_OBJC_WEAK = YES;
				CLANG_WARN_BLOCK_CAPTURE_AUTORELEASING = YES;
				CLANG_WARN_BOOL_CONVERSION = YES;
				CLANG_WARN_COMMA = YES;
				CLANG_WARN_CONSTANT_CONVERSION = YES;
				CLANG_WARN_DEPRECATED_OBJC_IMPLEMENTATIONS = YES;
				CLANG_WARN_DIRECT_OBJC_ISA_USAGE = YES_ERROR;
				CLANG_WARN_DOCUMENTATION_COMMENTS = YES;
				CLANG_WARN_EMPTY_BODY = YES;
				CLANG_WARN_ENUM_CONVERSION = YES;
				CLANG_WARN_INFINITE_RECURSION = YES;
				CLANG_WARN_INT_CONVERSION = YES;
				CLANG_WARN_NON_LITERAL_NULL_CONVERSION = YES;
				CLANG_WARN_OBJC_IMPLICIT_RETAIN_SELF = YES;
				CLANG_WARN_OBJC_LITERAL_CONVERSION = YES;
				CLANG_WARN_OBJC_ROOT_CLASS = YES_ERROR;
				CLANG_WARN_QUOTED_INCLUDE_IN_FRAMEWORK_HEADER = YES;
				CLANG_WARN_RANGE_LOOP_ANALYSIS = YES;
				CLANG_WARN_STRICT_PROTOTYPES = YES;
				CLANG_WARN_SUSPICIOUS_MOVE = YES;
				CLANG_WARN_UNGUARDED_AVAILABILITY = YES_AGGRESSIVE;
				CLANG_WARN_UNREACHABLE_CODE = YES;
				CLANG_WARN__DUPLICATE_METHOD_MATCH = YES;
				COPY_PHASE_STRIP = NO;
				DEBUG_INFORMATION_FORMAT = "dwarf-with-dsym";
				ENABLE_NS_ASSERTIONS = NO;
				ENABLE_STRICT_OBJC_MSGSEND = YES;
				GCC_C_LANGUAGE_STANDARD = gnu11;
				GCC_NO_COMMON_BLOCKS = YES;
				GCC_WARN_64_TO_32_BIT_CONVERSION = YES;
				GCC_WARN_ABOUT_RETURN_TYPE = YES_ERROR;
				GCC_WARN_UNDECLARED_SELECTOR = YES;
				GCC_WARN_UNINITIALIZED_AUTOS = YES_AGGRESSIVE;
				GCC_WARN_UNUSED_FUNCTION = YES;
				GCC_WARN_UNUSED_VARIABLE = YES;
				IPHONEOS_DEPLOYMENT_TARGET = 14.4;
				MTL_ENABLE_DEBUG_INFO = NO;
				MTL_FAST_MATH = YES;
				SDKROOT = iphoneos;
				VALIDATE_PRODUCT = YES;
			};
			name = Release;
		};
		FB85088425E5FC6F00F126A8 /* Debug */ = {
			isa = XCBuildConfiguration;
			buildSettings = {
				ASSETCATALOG_COMPILER_APPICON_NAME = AppIcon;
				ASSETCATALOG_COMPILER_GLOBAL_ACCENT_COLOR_NAME = AccentColor;
				CODE_SIGN_STYLE = Automatic;
				DEVELOPMENT_TEAM = H89N5A765J;
				INFOPLIST_FILE = 03DelegateDemo1/Info.plist;
				IPHONEOS_DEPLOYMENT_TARGET = 13.4;
				LD_RUNPATH_SEARCH_PATHS = (
					"$(inherited)",
					"@executable_path/Frameworks",
				);
				PRODUCT_BUNDLE_IDENTIFIER = "cn.OCLearn.-3DelegateDemo1";
				PRODUCT_NAME = "$(TARGET_NAME)";
				TARGETED_DEVICE_FAMILY = "1,2";
			};
			name = Debug;
		};
		FB85088525E5FC6F00F126A8 /* Release */ = {
			isa = XCBuildConfiguration;
			buildSettings = {
				ASSETCATALOG_COMPILER_APPICON_NAME = AppIcon;
				ASSETCATALOG_COMPILER_GLOBAL_ACCENT_COLOR_NAME = AccentColor;
				CODE_SIGN_STYLE = Automatic;
				DEVELOPMENT_TEAM = H89N5A765J;
				INFOPLIST_FILE = 03DelegateDemo1/Info.plist;
				IPHONEOS_DEPLOYMENT_TARGET = 13.4;
				LD_RUNPATH_SEARCH_PATHS = (
					"$(inherited)",
					"@executable_path/Frameworks",
				);
				PRODUCT_BUNDLE_IDENTIFIER = "cn.OCLearn.-3DelegateDemo1";
				PRODUCT_NAME = "$(TARGET_NAME)";
				TARGETED_DEVICE_FAMILY = "1,2";
			};
			name = Release;
		};
		FB85088725E5FC6F00F126A8 /* Debug */ = {
			isa = XCBuildConfiguration;
			buildSettings = {
				BUNDLE_LOADER = "$(TEST_HOST)";
				CODE_SIGN_STYLE = Automatic;
				DEVELOPMENT_TEAM = H89N5A765J;
				INFOPLIST_FILE = 03DelegateDemo1Tests/Info.plist;
				IPHONEOS_DEPLOYMENT_TARGET = 14.4;
				LD_RUNPATH_SEARCH_PATHS = (
					"$(inherited)",
					"@executable_path/Frameworks",
					"@loader_path/Frameworks",
				);
				PRODUCT_BUNDLE_IDENTIFIER = "cn.OCLearn.-3DelegateDemo1Tests";
				PRODUCT_NAME = "$(TARGET_NAME)";
				TARGETED_DEVICE_FAMILY = "1,2";
				TEST_HOST = "$(BUILT_PRODUCTS_DIR)/03DelegateDemo1.app/03DelegateDemo1";
			};
			name = Debug;
		};
		FB85088825E5FC6F00F126A8 /* Release */ = {
			isa = XCBuildConfiguration;
			buildSettings = {
				BUNDLE_LOADER = "$(TEST_HOST)";
				CODE_SIGN_STYLE = Automatic;
				DEVELOPMENT_TEAM = H89N5A765J;
				INFOPLIST_FILE = 03DelegateDemo1Tests/Info.plist;
				IPHONEOS_DEPLOYMENT_TARGET = 14.4;
				LD_RUNPATH_SEARCH_PATHS = (
					"$(inherited)",
					"@executable_path/Frameworks",
					"@loader_path/Frameworks",
				);
				PRODUCT_BUNDLE_IDENTIFIER = "cn.OCLearn.-3DelegateDemo1Tests";
				PRODUCT_NAME = "$(TARGET_NAME)";
				TARGETED_DEVICE_FAMILY = "1,2";
				TEST_HOST = "$(BUILT_PRODUCTS_DIR)/03DelegateDemo1.app/03DelegateDemo1";
			};
			name = Release;
		};
		FB85088A25E5FC6F00F126A8 /* Debug */ = {
			isa = XCBuildConfiguration;
			buildSettings = {
				CODE_SIGN_STYLE = Automatic;
				DEVELOPMENT_TEAM = H89N5A765J;
				INFOPLIST_FILE = 03DelegateDemo1UITests/Info.plist;
				LD_RUNPATH_SEARCH_PATHS = (
					"$(inherited)",
					"@executable_path/Frameworks",
					"@loader_path/Frameworks",
				);
				PRODUCT_BUNDLE_IDENTIFIER = "cn.OCLearn.-3DelegateDemo1UITests";
				PRODUCT_NAME = "$(TARGET_NAME)";
				TARGETED_DEVICE_FAMILY = "1,2";
				TEST_TARGET_NAME = 03DelegateDemo1;
			};
			name = Debug;
		};
		FB85088B25E5FC6F00F126A8 /* Release */ = {
			isa = XCBuildConfiguration;
			buildSettings = {
				CODE_SIGN_STYLE = Automatic;
				DEVELOPMENT_TEAM = H89N5A765J;
				INFOPLIST_FILE = 03DelegateDemo1UITests/Info.plist;
				LD_RUNPATH_SEARCH_PATHS = (
					"$(inherited)",
					"@executable_path/Frameworks",
					"@loader_path/Frameworks",
				);
				PRODUCT_BUNDLE_IDENTIFIER = "cn.OCLearn.-3DelegateDemo1UITests";
				PRODUCT_NAME = "$(TARGET_NAME)";
				TARGETED_DEVICE_FAMILY = "1,2";
				TEST_TARGET_NAME = 03DelegateDemo1;
			};
			name = Release;
		};
/* End XCBuildConfiguration section */

/* Begin XCConfigurationList section */
		FB85084F25E5FC6C00F126A8 /* Build configuration list for PBXProject "03DelegateDemo1" */ = {
			isa = XCConfigurationList;
			buildConfigurations = (
				FB85088125E5FC6F00F126A8 /* Debug */,
				FB85088225E5FC6F00F126A8 /* Release */,
			);
			defaultConfigurationIsVisible = 0;
			defaultConfigurationName = Release;
		};
		FB85088325E5FC6F00F126A8 /* Build configuration list for PBXNativeTarget "03DelegateDemo1" */ = {
			isa = XCConfigurationList;
			buildConfigurations = (
				FB85088425E5FC6F00F126A8 /* Debug */,
				FB85088525E5FC6F00F126A8 /* Release */,
			);
			defaultConfigurationIsVisible = 0;
			defaultConfigurationName = Release;
		};
		FB85088625E5FC6F00F126A8 /* Build configuration list for PBXNativeTarget "03DelegateDemo1Tests" */ = {
			isa = XCConfigurationList;
			buildConfigurations = (
				FB85088725E5FC6F00F126A8 /* Debug */,
				FB85088825E5FC6F00F126A8 /* Release */,
			);
			defaultConfigurationIsVisible = 0;
			defaultConfigurationName = Release;
		};
		FB85088925E5FC6F00F126A8 /* Build configuration list for PBXNativeTarget "03DelegateDemo1UITests" */ = {
			isa = XCConfigurationList;
			buildConfigurations = (
				FB85088A25E5FC6F00F126A8 /* Debug */,
				FB85088B25E5FC6F00F126A8 /* Release */,
			);
			defaultConfigurationIsVisible = 0;
			defaultConfigurationName = Release;
		};
/* End XCConfigurationList section */
	};
	rootObject = FB85084C25E5FC6C00F126A8 /* Project object */;
}
